
Microsoft Visual Studio Solution File, Format Version 12.00
# Visual Studio Version 17
VisualStudioVersion = 17.5.002.0
MinimumVisualStudioVersion = 10.0.40219.1
Project("{2150E333-8FDC-42A3-9474-1A3956D46DE8}") = "csharp-prep", "csharp-prep", "{DC2B246F-7E5E-471B-8115-1CAA70552E02}"
EndProject
Project("{9A19103F-16F7-4668-BE54-9A1E7A4F7556}") = "Prep1", "csharp-prep\Prep1\Prep1.csproj", "{A294D6A2-1D76-4B47-AA4A-DBC7176B307C}"
EndProject
Project("{9A19103F-16F7-4668-BE54-9A1E7A4F7556}") = "Prep2", "csharp-prep\Prep2\Prep2.csproj", "{A0CC7967-BAB6-470B-8D22-F987CF25C615}"
EndProject
Project("{9A19103F-16F7-4668-BE54-9A1E7A4F7556}") = "Prep3", "csharp-prep\Prep3\Prep3.csproj", "{70C60DB7-2360-4778-BE50-B9BCE49CEA4C}"
EndProject
Project("{9A19103F-16F7-4668-BE54-9A1E7A4F7556}") = "Prep4", "csharp-prep\Prep4\Prep4.csproj", "{6EA3625D-2611-4BF5-AFF1-D9C3BC51A9B2}"
EndProject
Project("{9A19103F-16F7-4668-BE54-9A1E7A4F7556}") = "Prep5", "csharp-prep\Prep5\Prep5.csproj", "{C893CEE8-3C45-4A47-B832-C8FAE44ED867}"
EndProject
Project("{2150E333-8FDC-42A3-9474-1A3956D46DE8}") = "final", "final", "{7919837C-7F70-4251-B0AB-B9852458075A}"
EndProject
Project("{9A19103F-16F7-4668-BE54-9A1E7A4F7556}") = "FinalProject", "final\FinalProject\FinalProject.csproj", "{2A711532-B0D2-42F3-B9D7-F53C5D7CD0E3}"
EndProject
Project("{9A19103F-16F7-4668-BE54-9A1E7A4F7556}") = "Foundation1", "final\Foundation1\Foundation1.csproj", "{FA7FD514-01ED-418C-8A7B-220158B64898}"
EndProject
Project("{9A19103F-16F7-4668-BE54-9A1E7A4F7556}") = "Foundation2", "final\Foundation2\Foundation2.csproj", "{9D329B19-46B1-452D-9729-1150EBDD0EF6}"
EndProject
Project("{9A19103F-16F7-4668-BE54-9A1E7A4F7556}") = "Foundation3", "final\Foundation3\Foundation3.csproj", "{AF9B700A-2560-47BB-A7DE-0F90FCB5A090}"
EndProject
Project("{9A19103F-16F7-4668-BE54-9A1E7A4F7556}") = "Foundation4", "final\Foundation4\Foundation4.csproj", "{A22FFA50-95AD-48DB-8AAB-6FED7B413015}"
EndProject
Project("{2150E333-8FDC-42A3-9474-1A3956D46DE8}") = "prepare", "prepare", "{A8952634-0F4A-4534-A247-31036764716E}"
EndProject
Project("{9A19103F-16F7-4668-BE54-9A1E7A4F7556}") = "Learning02", "prepare\Learning02\Learning02.csproj", "{662818FF-7F18-479A-8B4D-0A4C172C5792}"
EndProject
Project("{9A19103F-16F7-4668-BE54-9A1E7A4F7556}") = "Learning03", "prepare\Learning03\Learning03.csproj", "{0FA4F52A-D0F8-4323-8075-5A6ED24C3D5D}"
EndProject
Project("{9A19103F-16F7-4668-BE54-9A1E7A4F7556}") = "Learning04", "prepare\Learning04\Learning04.csproj", "{4A71920A-3F88-4FB3-B7D4-F23D22A63DA8}"
EndProject
Project("{9A19103F-16F7-4668-BE54-9A1E7A4F7556}") = "Learning05", "prepare\Learning05\Learning05.csproj", "{AB6C8425-D381-442C-A81F-C290DECAAD9A}"
EndProject
Project("{2150E333-8FDC-42A3-9474-1A3956D46DE8}") = "prove", "prove", "{E04DC74F-B422-4F7F-A44B-BAED38C52840}"
EndProject
Project("{9A19103F-16F7-4668-BE54-9A1E7A4F7556}") = "Develop02", "prove\Develop02\Develop02.csproj", "{02F07EE4-66C4-4084-A0A7-D53137BB5C18}"
EndProject
Project("{9A19103F-16F7-4668-BE54-9A1E7A4F7556}") = "Develop03", "prove\Develop03\Develop03.csproj", "{E50F4083-4D3C-4957-BC43-8C9576E7D8AB}"
EndProject
Project("{9A19103F-16F7-4668-BE54-9A1E7A4F7556}") = "Develop04", "prove\Develop04\Develop04.csproj", "{7E8E5CEF-F2F6-4EC7-96A0-9EDAD9830631}"
EndProject
Project("{9A19103F-16F7-4668-BE54-9A1E7A4F7556}") = "Develop05", "prove\Develop05\Develop05.csproj", "{2BA738AB-9DDF-4A4B-91D4-1BC40662D6D9}"
EndProject
Project("{2150E333-8FDC-42A3-9474-1A3956D46DE8}") = "sandbox", "sandbox", "{61BC49B2-3C26-467B-8298-65F2C4FE260B}"
EndProject
Project("{9A19103F-16F7-4668-BE54-9A1E7A4F7556}") = "Sandbox", "sandbox\Sandbox\Sandbox.csproj", "{C5B57BCA-A1BB-4501-8B44-D94287E18C46}"
EndProject
Global
	GlobalSection(SolutionConfigurationPlatforms) = preSolution
		Debug|Any CPU = Debug|Any CPU
		Release|Any CPU = Release|Any CPU
	EndGlobalSection
	GlobalSection(ProjectConfigurationPlatforms) = postSolution
		{A294D6A2-1D76-4B47-AA4A-DBC7176B307C}.Debug|Any CPU.ActiveCfg = Debug|Any CPU
		{A294D6A2-1D76-4B47-AA4A-DBC7176B307C}.Debug|Any CPU.Build.0 = Debug|Any CPU
		{A294D6A2-1D76-4B47-AA4A-DBC7176B307C}.Release|Any CPU.ActiveCfg = Release|Any CPU
		{A294D6A2-1D76-4B47-AA4A-DBC7176B307C}.Release|Any CPU.Build.0 = Release|Any CPU
		{A0CC7967-BAB6-470B-8D22-F987CF25C615}.Debug|Any CPU.ActiveCfg = Debug|Any CPU
		{A0CC7967-BAB6-470B-8D22-F987CF25C615}.Debug|Any CPU.Build.0 = Debug|Any CPU
		{A0CC7967-BAB6-470B-8D22-F987CF25C615}.Release|Any CPU.ActiveCfg = Release|Any CPU
		{A0CC7967-BAB6-470B-8D22-F987CF25C615}.Release|Any CPU.Build.0 = Release|Any CPU
		{70C60DB7-2360-4778-BE50-B9BCE49CEA4C}.Debug|Any CPU.ActiveCfg = Debug|Any CPU
		{70C60DB7-2360-4778-BE50-B9BCE49CEA4C}.Debug|Any CPU.Build.0 = Debug|Any CPU
		{70C60DB7-2360-4778-BE50-B9BCE49CEA4C}.Release|Any CPU.ActiveCfg = Release|Any CPU
		{70C60DB7-2360-4778-BE50-B9BCE49CEA4C}.Release|Any CPU.Build.0 = Release|Any CPU
		{6EA3625D-2611-4BF5-AFF1-D9C3BC51A9B2}.Debug|Any CPU.ActiveCfg = Debug|Any CPU
		{6EA3625D-2611-4BF5-AFF1-D9C3BC51A9B2}.Debug|Any CPU.Build.0 = Debug|Any CPU
		{6EA3625D-2611-4BF5-AFF1-D9C3BC51A9B2}.Release|Any CPU.ActiveCfg = Release|Any CPU
		{6EA3625D-2611-4BF5-AFF1-D9C3BC51A9B2}.Release|Any CPU.Build.0 = Release|Any CPU
		{C893CEE8-3C45-4A47-B832-C8FAE44ED867}.Debug|Any CPU.ActiveCfg = Debug|Any CPU
		{C893CEE8-3C45-4A47-B832-C8FAE44ED867}.Debug|Any CPU.Build.0 = Debug|Any CPU
		{C893CEE8-3C45-4A47-B832-C8FAE44ED867}.Release|Any CPU.ActiveCfg = Release|Any CPU
		{C893CEE8-3C45-4A47-B832-C8FAE44ED867}.Release|Any CPU.Build.0 = Release|Any CPU
		{2A711532-B0D2-42F3-B9D7-F53C5D7CD0E3}.Debug|Any CPU.ActiveCfg = Debug|Any CPU
		{2A711532-B0D2-42F3-B9D7-F53C5D7CD0E3}.Debug|Any CPU.Build.0 = Debug|Any CPU
		{2A711532-B0D2-42F3-B9D7-F53C5D7CD0E3}.Release|Any CPU.ActiveCfg = Release|Any CPU
		{2A711532-B0D2-42F3-B9D7-F53C5D7CD0E3}.Release|Any CPU.Build.0 = Release|Any CPU
		{FA7FD514-01ED-418C-8A7B-220158B64898}.Debug|Any CPU.ActiveCfg = Debug|Any CPU
		{FA7FD514-01ED-418C-8A7B-220158B64898}.Debug|Any CPU.Build.0 = Debug|Any CPU
		{FA7FD514-01ED-418C-8A7B-220158B64898}.Release|Any CPU.ActiveCfg = Release|Any CPU
		{FA7FD514-01ED-418C-8A7B-220158B64898}.Release|Any CPU.Build.0 = Release|Any CPU
		{9D329B19-46B1-452D-9729-1150EBDD0EF6}.Debug|Any CPU.ActiveCfg = Debug|Any CPU
		{9D329B19-46B1-452D-9729-1150EBDD0EF6}.Debug|Any CPU.Build.0 = Debug|Any CPU
		{9D329B19-46B1-452D-9729-1150EBDD0EF6}.Release|Any CPU.ActiveCfg = Release|Any CPU
		{9D329B19-46B1-452D-9729-1150EBDD0EF6}.Release|Any CPU.Build.0 = Release|Any CPU
		{AF9B700A-2560-47BB-A7DE-0F90FCB5A090}.Debug|Any CPU.ActiveCfg = Debug|Any CPU
		{AF9B700A-2560-47BB-A7DE-0F90FCB5A090}.Debug|Any CPU.Build.0 = Debug|Any CPU
		{AF9B700A-2560-47BB-A7DE-0F90FCB5A090}.Release|Any CPU.ActiveCfg = Release|Any CPU
		{AF9B700A-2560-47BB-A7DE-0F90FCB5A090}.Release|Any CPU.Build.0 = Release|Any CPU
		{A22FFA50-95AD-48DB-8AAB-6FED7B413015}.Debug|Any CPU.ActiveCfg = Debug|Any CPU
		{A22FFA50-95AD-48DB-8AAB-6FED7B413015}.Debug|Any CPU.Build.0 = Debug|Any CPU
		{A22FFA50-95AD-48DB-8AAB-6FED7B413015}.Release|Any CPU.ActiveCfg = Release|Any CPU
		{A22FFA50-95AD-48DB-8AAB-6FED7B413015}.Release|Any CPU.Build.0 = Release|Any CPU
		{662818FF-7F18-479A-8B4D-0A4C172C5792}.Debug|Any CPU.ActiveCfg = Debug|Any CPU
		{662818FF-7F18-479A-8B4D-0A4C172C5792}.Debug|Any CPU.Build.0 = Debug|Any CPU
		{662818FF-7F18-479A-8B4D-0A4C172C5792}.Release|Any CPU.ActiveCfg = Release|Any CPU
		{662818FF-7F18-479A-8B4D-0A4C172C5792}.Release|Any CPU.Build.0 = Release|Any CPU
		{0FA4F52A-D0F8-4323-8075-5A6ED24C3D5D}.Debug|Any CPU.ActiveCfg = Debug|Any CPU
		{0FA4F52A-D0F8-4323-8075-5A6ED24C3D5D}.Debug|Any CPU.Build.0 = Debug|Any CPU
		{0FA4F52A-D0F8-4323-8075-5A6ED24C3D5D}.Release|Any CPU.ActiveCfg = Release|Any CPU
		{0FA4F52A-D0F8-4323-8075-5A6ED24C3D5D}.Release|Any CPU.Build.0 = Release|Any CPU
		{4A71920A-3F88-4FB3-B7D4-F23D22A63DA8}.Debug|Any CPU.ActiveCfg = Debug|Any CPU
		{4A71920A-3F88-4FB3-B7D4-F23D22A63DA8}.Debug|Any CPU.Build.0 = Debug|Any CPU
		{4A71920A-3F88-4FB3-B7D4-F23D22A63DA8}.Release|Any CPU.ActiveCfg = Release|Any CPU
		{4A71920A-3F88-4FB3-B7D4-F23D22A63DA8}.Release|Any CPU.Build.0 = Release|Any CPU
		{AB6C8425-D381-442C-A81F-C290DECAAD9A}.Debug|Any CPU.ActiveCfg = Debug|Any CPU
		{AB6C8425-D381-442C-A81F-C290DECAAD9A}.Debug|Any CPU.Build.0 = Debug|Any CPU
		{AB6C8425-D381-442C-A81F-C290DECAAD9A}.Release|Any CPU.ActiveCfg = Release|Any CPU
		{AB6C8425-D381-442C-A81F-C290DECAAD9A}.Release|Any CPU.Build.0 = Release|Any CPU
		{02F07EE4-66C4-4084-A0A7-D53137BB5C18}.Debug|Any CPU.ActiveCfg = Debug|Any CPU
		{02F07EE4-66C4-4084-A0A7-D53137BB5C18}.Debug|Any CPU.Build.0 = Debug|Any CPU
		{02F07EE4-66C4-4084-A0A7-D53137BB5C18}.Release|Any CPU.ActiveCfg = Release|Any CPU
		{02F07EE4-66C4-4084-A0A7-D53137BB5C18}.Release|Any CPU.Build.0 = Release|Any CPU
		{E50F4083-4D3C-4957-BC43-8C9576E7D8AB}.Debug|Any CPU.ActiveCfg = Debug|Any CPU
		{E50F4083-4D3C-4957-BC43-8C9576E7D8AB}.Debug|Any CPU.Build.0 = Debug|Any CPU
		{E50F4083-4D3C-4957-BC43-8C9576E7D8AB}.Release|Any CPU.ActiveCfg = Release|Any CPU
		{E50F4083-4D3C-4957-BC43-8C9576E7D8AB}.Release|Any CPU.Build.0 = Release|Any CPU
		{7E8E5CEF-F2F6-4EC7-96A0-9EDAD9830631}.Debug|Any CPU.ActiveCfg = Debug|Any CPU
		{7E8E5CEF-F2F6-4EC7-96A0-9EDAD9830631}.Debug|Any CPU.Build.0 = Debug|Any CPU
		{7E8E5CEF-F2F6-4EC7-96A0-9EDAD9830631}.Release|Any CPU.ActiveCfg = Release|Any CPU
		{7E8E5CEF-F2F6-4EC7-96A0-9EDAD9830631}.Release|Any CPU.Build.0 = Release|Any CPU
		{2BA738AB-9DDF-4A4B-91D4-1BC40662D6D9}.Debug|Any CPU.ActiveCfg = Debug|Any CPU
		{2BA738AB-9DDF-4A4B-91D4-1BC40662D6D9}.Debug|Any CPU.Build.0 = Debug|Any CPU
		{2BA738AB-9DDF-4A4B-91D4-1BC40662D6D9}.Release|Any CPU.ActiveCfg = Release|Any CPU
		{2BA738AB-9DDF-4A4B-91D4-1BC40662D6D9}.Release|Any CPU.Build.0 = Release|Any CPU
		{C5B57BCA-A1BB-4501-8B44-D94287E18C46}.Debug|Any CPU.ActiveCfg = Debug|Any CPU
		{C5B57BCA-A1BB-4501-8B44-D94287E18C46}.Debug|Any CPU.Build.0 = Debug|Any CPU
		{C5B57BCA-A1BB-4501-8B44-D94287E18C46}.Release|Any CPU.ActiveCfg = Release|Any CPU
		{C5B57BCA-A1BB-4501-8B44-D94287E18C46}.Release|Any CPU.Build.0 = Release|Any CPU
	EndGlobalSection
	GlobalSection(SolutionProperties) = preSolution
		HideSolutionNode = FALSE
	EndGlobalSection
	GlobalSection(NestedProjects) = preSolution
		{A294D6A2-1D76-4B47-AA4A-DBC7176B307C} = {DC2B246F-7E5E-471B-8115-1CAA70552E02}
		{A0CC7967-BAB6-470B-8D22-F987CF25C615} = {DC2B246F-7E5E-471B-8115-1CAA70552E02}
		{70C60DB7-2360-4778-BE50-B9BCE49CEA4C} = {DC2B246F-7E5E-471B-8115-1CAA70552E02}
		{6EA3625D-2611-4BF5-AFF1-D9C3BC51A9B2} = {DC2B246F-7E5E-471B-8115-1CAA70552E02}
		{C893CEE8-3C45-4A47-B832-C8FAE44ED867} = {DC2B246F-7E5E-471B-8115-1CAA70552E02}
		{2A711532-B0D2-42F3-B9D7-F53C5D7CD0E3} = {7919837C-7F70-4251-B0AB-B9852458075A}
		{FA7FD514-01ED-418C-8A7B-220158B64898} = {7919837C-7F70-4251-B0AB-B9852458075A}
		{9D329B19-46B1-452D-9729-1150EBDD0EF6} = {7919837C-7F70-4251-B0AB-B9852458075A}
		{AF9B700A-2560-47BB-A7DE-0F90FCB5A090} = {7919837C-7F70-4251-B0AB-B9852458075A}
		{A22FFA50-95AD-48DB-8AAB-6FED7B413015} = {7919837C-7F70-4251-B0AB-B9852458075A}
		{662818FF-7F18-479A-8B4D-0A4C172C5792} = {A8952634-0F4A-4534-A247-31036764716E}
		{0FA4F52A-D0F8-4323-8075-5A6ED24C3D5D} = {A8952634-0F4A-4534-A247-31036764716E}
		{4A71920A-3F88-4FB3-B7D4-F23D22A63DA8} = {A8952634-0F4A-4534-A247-31036764716E}
		{AB6C8425-D381-442C-A81F-C290DECAAD9A} = {A8952634-0F4A-4534-A247-31036764716E}
		{02F07EE4-66C4-4084-A0A7-D53137BB5C18} = {E04DC74F-B422-4F7F-A44B-BAED38C52840}
		{E50F4083-4D3C-4957-BC43-8C9576E7D8AB} = {E04DC74F-B422-4F7F-A44B-BAED38C52840}
		{7E8E5CEF-F2F6-4EC7-96A0-9EDAD9830631} = {E04DC74F-B422-4F7F-A44B-BAED38C52840}
		{2BA738AB-9DDF-4A4B-91D4-1BC40662D6D9} = {E04DC74F-B422-4F7F-A44B-BAED38C52840}
		{C5B57BCA-A1BB-4501-8B44-D94287E18C46} = {61BC49B2-3C26-467B-8298-65F2C4FE260B}
	EndGlobalSection
	GlobalSection(ExtensibilityGlobals) = postSolution
		SolutionGuid = {A9A17D38-9640-460C-9858-B89D7FC6A0D0}
	EndGlobalSection
EndGlobal
